<?xml version="1.0" encoding="utf-8"?>
<Project ToolsVersion="4.0" xmlns="http://schemas.microsoft.com/developer/msbuild/2003">
  <ItemGroup>
    <Filter Include="源文件">
      <UniqueIdentifier>{4FC737F1-C7A5-4376-A066-2A32D752A2FF}</UniqueIdentifier>
      <Extensions>cpp;c;cc;cxx;def;odl;idl;hpj;bat;asm;asmx</Extensions>
    </Filter>
    <Filter Include="头文件">
      <UniqueIdentifier>{93995380-89BD-4b04-88EB-625FBE52EBFB}</UniqueIdentifier>
      <Extensions>h;hh;hpp;hxx;hm;inl;inc;ipp;xsd</Extensions>
    </Filter>
    <Filter Include="资源文件">
      <UniqueIdentifier>{67DA6AB6-F800-4c08-8B7A-83BB121AAD01}</UniqueIdentifier>
      <Extensions>rc;ico;cur;bmp;dlg;rc2;rct;bin;rgs;gif;jpg;jpeg;jpe;resx;tiff;tif;png;wav;mfcribbon-ms</Extensions>
    </Filter>
    <Filter Include="头文件\class">
      <UniqueIdentifier>{16b42be6-a1b8-4d64-87ad-7c9f111a00a0}</UniqueIdentifier>
    </Filter>
    <Filter Include="头文件\interface">
      <UniqueIdentifier>{fc2d79e6-9a5b-41f9-a142-8f8b4e6ec200}</UniqueIdentifier>
    </Filter>
    <Filter Include="源文件\class">
      <UniqueIdentifier>{4d185c35-2b47-4cda-af06-8d3be333e860}</UniqueIdentifier>
    </Filter>
  </ItemGroup>
  <ItemGroup>
    <ClCompile Include="main.c">
      <Filter>源文件</Filter>
    </ClCompile>
    <ClCompile Include="MovieTicket.c">
      <Filter>源文件\class</Filter>
    </ClCompile>
    <ClCompile Include="DiscountChildren.c">
      <Filter>源文件\class</Filter>
    </ClCompile>
    <ClCompile Include="DiscountStudent.c">
      <Filter>源文件\class</Filter>
    </ClCompile>
    <ClCompile Include="DiscountVIP.c">
      <Filter>源文件\class</Filter>
    </ClCompile>
  </ItemGroup>
  <ItemGroup>
    <ClInclude Include="MovieTicket.h">
      <Filter>头文件\class</Filter>
    </ClInclude>
    <ClInclude Include="IDiscount.h">
      <Filter>头文件\interface</Filter>
    </ClInclude>
    <ClInclude Include="DiscountChildren.h">
      <Filter>头文件\class</Filter>
    </ClInclude>
    <ClInclude Include="DiscountStudent.h">
      <Filter>头文件\class</Filter>
    </ClInclude>
    <ClInclude Include="DiscountVIP.h">
      <Filter>头文件\class</Filter>
    </ClInclude>
  </ItemGroup>
</Project>