<?xml version="1.0" encoding="utf-8"?>
<Project ToolsVersion="4.0" xmlns="http://schemas.microsoft.com/developer/msbuild/2003">
  <ItemGroup>
    <Filter Include="源文件">
      <UniqueIdentifier>{4FC737F1-C7A5-4376-A066-2A32D752A2FF}</UniqueIdentifier>
      <Extensions>cpp;c;cc;cxx;def;odl;idl;hpj;bat;asm;asmx</Extensions>
    </Filter>
    <Filter Include="头文件">
      <UniqueIdentifier>{93995380-89BD-4b04-88EB-625FBE52EBFB}</UniqueIdentifier>
      <Extensions>h;hh;hpp;hxx;hm;inl;inc;ipp;xsd</Extensions>
    </Filter>
    <Filter Include="资源文件">
      <UniqueIdentifier>{67DA6AB6-F800-4c08-8B7A-83BB121AAD01}</UniqueIdentifier>
      <Extensions>rc;ico;cur;bmp;dlg;rc2;rct;bin;rgs;gif;jpg;jpeg;jpe;resx;tiff;tif;png;wav;mfcribbon-ms</Extensions>
    </Filter>
    <Filter Include="头文件\class">
      <UniqueIdentifier>{91bdcd17-9eb9-47a7-b882-30effba957ef}</UniqueIdentifier>
    </Filter>
    <Filter Include="头文件\interface">
      <UniqueIdentifier>{d8d9a8d2-2dd9-4300-a547-f78f61cab0d2}</UniqueIdentifier>
    </Filter>
    <Filter Include="源文件\class">
      <UniqueIdentifier>{23de489c-c6a4-4744-9b9c-46cbfa82982e}</UniqueIdentifier>
    </Filter>
  </ItemGroup>
  <ItemGroup>
    <ClCompile Include="main.c">
      <Filter>源文件</Filter>
    </ClCompile>
    <ClCompile Include="DepartmentHR.c">
      <Filter>源文件\class</Filter>
    </ClCompile>
    <ClCompile Include="DepartmentFA.c">
      <Filter>源文件\class</Filter>
    </ClCompile>
    <ClCompile Include="EmployeeFulltime.c">
      <Filter>源文件\class</Filter>
    </ClCompile>
    <ClCompile Include="EmployeePartTime.c">
      <Filter>源文件\class</Filter>
    </ClCompile>
    <ClCompile Include="EmployeeList.c">
      <Filter>源文件\class</Filter>
    </ClCompile>
  </ItemGroup>
  <ItemGroup>
    <ClInclude Include="IDepartment.h">
      <Filter>头文件\interface</Filter>
    </ClInclude>
    <ClInclude Include="IEmployee.h">
      <Filter>头文件\interface</Filter>
    </ClInclude>
    <ClInclude Include="DepartmentHR.h">
      <Filter>头文件\class</Filter>
    </ClInclude>
    <ClInclude Include="DepartmentFA.h">
      <Filter>头文件\class</Filter>
    </ClInclude>
    <ClInclude Include="EmployeeFulltime.h">
      <Filter>头文件\class</Filter>
    </ClInclude>
    <ClInclude Include="EmployeePartTime.h">
      <Filter>头文件\class</Filter>
    </ClInclude>
    <ClInclude Include="EmployeeList.h">
      <Filter>头文件\class</Filter>
    </ClInclude>
  </ItemGroup>
</Project>