<?xml version="1.0" encoding="utf-8"?>
<Project ToolsVersion="4.0" xmlns="http://schemas.microsoft.com/developer/msbuild/2003">
  <ItemGroup>
    <Filter Include="源文件">
      <UniqueIdentifier>{4FC737F1-C7A5-4376-A066-2A32D752A2FF}</UniqueIdentifier>
      <Extensions>cpp;c;cc;cxx;def;odl;idl;hpj;bat;asm;asmx</Extensions>
    </Filter>
    <Filter Include="头文件">
      <UniqueIdentifier>{93995380-89BD-4b04-88EB-625FBE52EBFB}</UniqueIdentifier>
      <Extensions>h;hh;hpp;hxx;hm;inl;inc;ipp;xsd</Extensions>
    </Filter>
    <Filter Include="资源文件">
      <UniqueIdentifier>{67DA6AB6-F800-4c08-8B7A-83BB121AAD01}</UniqueIdentifier>
      <Extensions>rc;ico;cur;bmp;dlg;rc2;rct;bin;rgs;gif;jpg;jpeg;jpe;resx;tiff;tif;png;wav;mfcribbon-ms</Extensions>
    </Filter>
    <Filter Include="头文件\interface">
      <UniqueIdentifier>{f127ff14-d689-4d0f-802d-4e52ec06b02f}</UniqueIdentifier>
    </Filter>
    <Filter Include="头文件\class">
      <UniqueIdentifier>{1be443ad-de70-4917-9a1b-860bfed08cad}</UniqueIdentifier>
    </Filter>
    <Filter Include="源文件\class">
      <UniqueIdentifier>{7c6702cc-92a7-4b46-a95e-27cebf40c8cb}</UniqueIdentifier>
    </Filter>
  </ItemGroup>
  <ItemGroup>
    <ClCompile Include="main.c">
      <Filter>源文件</Filter>
    </ClCompile>
    <ClCompile Include="Validator.c">
      <Filter>源文件\class</Filter>
    </ClCompile>
    <ClCompile Include="Logger.c">
      <Filter>源文件\class</Filter>
    </ClCompile>
    <ClCompile Include="Searcher.c">
      <Filter>源文件\class</Filter>
    </ClCompile>
    <ClCompile Include="SearcherProxy.c">
      <Filter>源文件\class</Filter>
    </ClCompile>
  </ItemGroup>
  <ItemGroup>
    <ClInclude Include="ISearcher.h">
      <Filter>头文件\interface</Filter>
    </ClInclude>
    <ClInclude Include="Validator.h">
      <Filter>头文件\class</Filter>
    </ClInclude>
    <ClInclude Include="Logger.h">
      <Filter>头文件\class</Filter>
    </ClInclude>
    <ClInclude Include="Searcher.h">
      <Filter>头文件\class</Filter>
    </ClInclude>
    <ClInclude Include="SearcherProxy.h">
      <Filter>头文件\class</Filter>
    </ClInclude>
  </ItemGroup>
</Project>